# This file is automatically @generated by Cargo.
# It is not intended for manual editing.
version = 4

[[package]]
name = "add_binary"
version = "0.1.0"

[[package]]
name = "add_two_numbers"
version = "0.1.0"

[[package]]
name = "is_palindrome"
version = "0.1.0"

[[package]]
name = "length_of_last_word"
version = "0.1.0"

[[package]]
name = "longest_common_prefix"
version = "0.1.0"

[[package]]
name = "merge_two_lists"
version = "0.1.0"

[[package]]
name = "plus_one"
version = "0.1.0"

[[package]]
name = "remove_duplicates"
version = "0.1.0"

[[package]]
name = "remove_element"
version = "0.1.0"

[[package]]
name = "roman_to_int"
version = "0.1.0"

[[package]]
name = "search_insert"
version = "0.1.0"

[[package]]
name = "str_str"
version = "0.1.0"

[[package]]
name = "two_sum"
version = "0.1.0"

[[package]]
name = "valid_brackets"
version = "0.1.0"
